
Microsoft Visual Studio Solution File, Format Version 12.00
# Visual Studio Version 16
VisualStudioVersion = 16.0.31005.135
MinimumVisualStudioVersion = 10.0.40219.1
Project("{8BC9CEB8-8B4A-11D0-8D11-00A0C91BC942}") = "Mario_2", "Mario_2\Mario_2.vcxproj", "{8F484622-A29B-4BE5-8DF1-A630DE93C0D1}"
EndProject
Global
	GlobalSection(SolutionConfigurationPlatforms) = preSolution
		Debug|x64 = Debug|x64
		Debug|x86 = Debug|x86
		Release|x64 = Release|x64
		Release|x86 = Release|x86
	EndGlobalSection
	GlobalSection(ProjectConfigurationPlatforms) = postSolution
		{8F484622-A29B-4BE5-8DF1-A630DE93C0D1}.Debug|x64.ActiveCfg = Debug|x64
		{8F484622-A29B-4BE5-8DF1-A630DE93C0D1}.Debug|x64.Build.0 = Debug|x64
		{8F484622-A29B-4BE5-8DF1-A630DE93C0D1}.Debug|x86.ActiveCfg = Debug|Win32
		{8F484622-A29B-4BE5-8DF1-A630DE93C0D1}.Debug|x86.Build.0 = Debug|Win32
		{8F484622-A29B-4BE5-8DF1-A630DE93C0D1}.Release|x64.ActiveCfg = Release|x64
		{8F484622-A29B-4BE5-8DF1-A630DE93C0D1}.Release|x64.Build.0 = Release|x64
		{8F484622-A29B-4BE5-8DF1-A630DE93C0D1}.Release|x86.ActiveCfg = Release|Win32
		{8F484622-A29B-4BE5-8DF1-A630DE93C0D1}.Release|x86.Build.0 = Release|Win32
	EndGlobalSection
	GlobalSection(SolutionProperties) = preSolution
		HideSolutionNode = FALSE
	EndGlobalSection
	GlobalSection(ExtensibilityGlobals) = postSolution
		SolutionGuid = {23729DF4-F28B-4EC4-85B0-46AA118E06F2}
	EndGlobalSection
EndGlobal
